# THIS IS AN AUTOGENERATED FILE. DO NOT EDIT THIS FILE DIRECTLY.
# yarn lockfile v1


hoist-non-react-statics@^3.0.0:
  version "3.3.0"
  resolved "http://registry.npm.taobao.org/hoist-non-react-statics/download/hoist-non-react-statics-3.3.0.tgz#b09178f0122184fb95acf525daaecb4d8f45958b"
  integrity sha1-sJF48BIhhPuVrPUl2q7LTY9FlYs=
  dependencies:
    react-is "^16.7.0"

mobx-react@^5.4.3:
  version "5.4.3"
  resolved "http://registry.npm.taobao.org/mobx-react/download/mobx-react-5.4.3.tgz#6709b7dd89670c40e9815914ac2ca49cc02bfb47"
  integrity sha1-Zwm33YlnDEDpgVkUrCyknMAr+0c=
  dependencies:
    hoist-non-react-statics "^3.0.0"
    react-lifecycles-compat "^3.0.2"

react-is@^16.7.0:
  version "16.8.2"
  resolved "http://registry.npm.taobao.org/react-is/download/react-is-16.8.2.tgz#09891d324cad1cb0c1f2d91f70a71a4bee34df0f"
  integrity sha1-CYkdMkytHLDB8tkfcKcaS+403w8=

react-lifecycles-compat@^3.0.2:
  version "3.0.4"
  resolved "http://registry.npm.taobao.org/react-lifecycles-compat/download/react-lifecycles-compat-3.0.4.tgz#4f1a273afdfc8f3488a8c516bfda78f872352362"
  integrity sha1-TxonOv38jzSIqMUWv9p4+HI1I2I=
